
Microsoft Visual Studio Solution File, Format Version 12.00
# Visual Studio Version 17
VisualStudioVersion = 17.5.002.0
MinimumVisualStudioVersion = 10.0.40219.1
Project("{9A19103F-16F7-4668-BE54-9A1E7A4F7556}") = "tính số ngày trong tháng", "tính số ngày trong tháng.csproj", "{17A50E3D-10DD-498D-846B-544E897F37FB}"
EndProject
Global
	GlobalSection(SolutionConfigurationPlatforms) = preSolution
		Debug|Any CPU = Debug|Any CPU
		Release|Any CPU = Release|Any CPU
	EndGlobalSection
	GlobalSection(ProjectConfigurationPlatforms) = postSolution
		{17A50E3D-10DD-498D-846B-544E897F37FB}.Debug|Any CPU.ActiveCfg = Debug|Any CPU
		{17A50E3D-10DD-498D-846B-544E897F37FB}.Debug|Any CPU.Build.0 = Debug|Any CPU
		{17A50E3D-10DD-498D-846B-544E897F37FB}.Release|Any CPU.ActiveCfg = Release|Any CPU
		{17A50E3D-10DD-498D-846B-544E897F37FB}.Release|Any CPU.Build.0 = Release|Any CPU
	EndGlobalSection
	GlobalSection(SolutionProperties) = preSolution
		HideSolutionNode = FALSE
	EndGlobalSection
	GlobalSection(ExtensibilityGlobals) = postSolution
		SolutionGuid = {A442E1A9-9233-4A43-AD2B-42C7EDE64520}
	EndGlobalSection
EndGlobal
